
Microsoft Visual Studio Solution File, Format Version 12.00
# Visual Studio Version 17
VisualStudioVersion = 17.3.32804.467
MinimumVisualStudioVersion = 10.0.40219.1
Project("{9A19103F-16F7-4668-BE54-9A1E7A4F7556}") = "ApiDoePlus", "ApiDoePlus.csproj", "{7A81556B-B890-4F6E-B88E-84295EF23CA3}"
EndProject
Global
	GlobalSection(SolutionConfigurationPlatforms) = preSolution
		Debug|Any CPU = Debug|Any CPU
		Release|Any CPU = Release|Any CPU
	EndGlobalSection
	GlobalSection(ProjectConfigurationPlatforms) = postSolution
		{7A81556B-B890-4F6E-B88E-84295EF23CA3}.Debug|Any CPU.ActiveCfg = Debug|Any CPU
		{7A81556B-B890-4F6E-B88E-84295EF23CA3}.Debug|Any CPU.Build.0 = Debug|Any CPU
		{7A81556B-B890-4F6E-B88E-84295EF23CA3}.Release|Any CPU.ActiveCfg = Release|Any CPU
		{7A81556B-B890-4F6E-B88E-84295EF23CA3}.Release|Any CPU.Build.0 = Release|Any CPU
	EndGlobalSection
	GlobalSection(SolutionProperties) = preSolution
		HideSolutionNode = FALSE
	EndGlobalSection
	GlobalSection(ExtensibilityGlobals) = postSolution
		SolutionGuid = {79629238-9AA7-4FFB-BB7E-46366D60CB13}
	EndGlobalSection
EndGlobal
